
Microsoft Visual Studio Solution File, Format Version 11.00
# Visual Studio 2010
Project("{FAE04EC0-301F-11D3-BF4B-00C04F79EFBC}") = "FinalExamPractice", "Assembly-CSharp.csproj", "{AE3CB145-F6D1-815C-1C7E-E66D0325AE94}"
EndProject
Global
	GlobalSection(SolutionConfigurationPlatforms) = preSolution
		Debug|Any CPU = Debug|Any CPU
		Release|Any CPU = Release|Any CPU
	EndGlobalSection
	GlobalSection(ProjectConfigurationPlatforms) = postSolution
		{AE3CB145-F6D1-815C-1C7E-E66D0325AE94}.Debug|Any CPU.ActiveCfg = Debug|Any CPU
		{AE3CB145-F6D1-815C-1C7E-E66D0325AE94}.Debug|Any CPU.Build.0 = Debug|Any CPU
		{AE3CB145-F6D1-815C-1C7E-E66D0325AE94}.Release|Any CPU.ActiveCfg = Release|Any CPU
		{AE3CB145-F6D1-815C-1C7E-E66D0325AE94}.Release|Any CPU.Build.0 = Release|Any CPU
	EndGlobalSection
	GlobalSection(SolutionProperties) = preSolution
		HideSolutionNode = FALSE
	EndGlobalSection
	GlobalSection(MonoDevelopProperties) = preSolution
		StartupItem = Assembly-CSharp.csproj
	EndGlobalSection
EndGlobal
